
Microsoft Visual Studio Solution File, Format Version 12.00
# Visual Studio Version 17
VisualStudioVersion = 17.4.33110.190
MinimumVisualStudioVersion = 10.0.40219.1
Project("{FAE04EC0-301F-11D3-BF4B-00C04F79EFBC}") = "Artillary Boats v2", "Artillary Boats v2.csproj", "{5F4E5354-7A88-4B1F-8215-AE6259DF4391}"
EndProject
Global
	GlobalSection(SolutionConfigurationPlatforms) = preSolution
		Debug|Any CPU = Debug|Any CPU
		Release|Any CPU = Release|Any CPU
	EndGlobalSection
	GlobalSection(ProjectConfigurationPlatforms) = postSolution
		{5F4E5354-7A88-4B1F-8215-AE6259DF4391}.Debug|Any CPU.ActiveCfg = Debug|Any CPU
		{5F4E5354-7A88-4B1F-8215-AE6259DF4391}.Debug|Any CPU.Build.0 = Debug|Any CPU
		{5F4E5354-7A88-4B1F-8215-AE6259DF4391}.Release|Any CPU.ActiveCfg = Release|Any CPU
		{5F4E5354-7A88-4B1F-8215-AE6259DF4391}.Release|Any CPU.Build.0 = Release|Any CPU
	EndGlobalSection
	GlobalSection(SolutionProperties) = preSolution
		HideSolutionNode = FALSE
	EndGlobalSection
	GlobalSection(ExtensibilityGlobals) = postSolution
		SolutionGuid = {AA2BD051-E43A-45A8-9786-9D8BED22D34E}
	EndGlobalSection
EndGlobal
